# This file was autogenerated by Stack.
# You should not edit this file by hand.
# For more information, please see the documentation at:
#   https://docs.haskellstack.org/en/stable/lock_files

packages:
- completed:
    hackage: naturals-0.2.0.2@sha256:3b2784ae37d3d6da3fa0293bf3ad1e28d44aa3ed1e7ebf5926b4ffdd41c43644,1838
    pantry-tree:
      size: 208
      sha256: e3cb7064e07e2497f3e18d23239aca411ca80209b7698ff9a34bd003e689ccd5
  original:
    hackage: naturals-0.2.0.2@sha256:3b2784ae37d3d6da3fa0293bf3ad1e28d44aa3ed1e7ebf5926b4ffdd41c43644,1838
snapshots:
- completed:
    size: 590102
    url: https://raw.githubusercontent.com/commercialhaskell/stackage-snapshots/master/lts/18/26.yaml
    sha256: e76d109964d9335abb412e22139c5bce3078be290ac6d90b8ecea6cc009bb198
  original:
    url: https://raw.githubusercontent.com/commercialhaskell/stackage-snapshots/master/lts/18/26.yaml
